
Microsoft Visual Studio Solution File, Format Version 12.00
# Visual Studio 14
VisualStudioVersion = 14.0.25420.1
MinimumVisualStudioVersion = 10.0.40219.1
Project("{8BC9CEB8-8B4A-11D0-8D11-00A0C91BC942}") = "OpenGolf", "OpenGolf\OpenGolf.vcxproj", "{5DF1A801-60A7-4BEC-B8F8-176B7FC87359}"
EndProject
Project("{8BC9CEB8-8B4A-11D0-8D11-00A0C91BC942}") = "libimgui", "libimgui\libimgui.vcxproj", "{DE468F72-A574-4BBA-BE6B-9E3E1044D7E7}"
EndProject
Project("{8BC9CEB8-8B4A-11D0-8D11-00A0C91BC942}") = "cimgui", "cimgui\cimgui.vcxproj", "{55EA9ECD-584E-4A87-9E59-8440BD5DAC85}"
EndProject
Project("{8BC9CEB8-8B4A-11D0-8D11-00A0C91BC942}") = "libfastobj", "libfastobj\libfastobj.vcxproj", "{6FDFD402-E4CE-4C93-9DD5-5DDE2E6C91BE}"
EndProject
Project("{8BC9CEB8-8B4A-11D0-8D11-00A0C91BC942}") = "libglad", "libglad\libglad.vcxproj", "{212DCEC7-6E08-45F3-AF84-2E4DE5E3613D}"
EndProject
Project("{8BC9CEB8-8B4A-11D0-8D11-00A0C91BC942}") = "libglfw3", "libglfw3\libglfw3.vcxproj", "{9710D0E6-CE03-447E-9DB7-00982363C58A}"
EndProject
Project("{8BC9CEB8-8B4A-11D0-8D11-00A0C91BC942}") = "glfw3", "glfw3\glfw3.vcxproj", "{69E936B6-C380-4A62-AD90-75614F83FE50}"
EndProject
Project("{8BC9CEB8-8B4A-11D0-8D11-00A0C91BC942}") = "liblightmapper", "liblightmapper\liblightmapper.vcxproj", "{DC8B1CA2-34AA-4488-90C5-7EEAE309902E}"
EndProject
Project("{8BC9CEB8-8B4A-11D0-8D11-00A0C91BC942}") = "libdictionary", "libdictionary\libdictionary.vcxproj", "{0FE8FD28-CB47-42B1-AF51-D8ABA43025EC}"
EndProject
Project("{8BC9CEB8-8B4A-11D0-8D11-00A0C91BC942}") = "libminiz", "libminiz\libminiz.vcxproj", "{0C5AE173-5B47-405F-A2D4-5252B0039DFB}"
EndProject
Project("{8BC9CEB8-8B4A-11D0-8D11-00A0C91BC942}") = "libparson", "libparson\libparson.vcxproj", "{87C1B10E-3B61-4D60-9BC6-1145300169EF}"
EndProject
Project("{8BC9CEB8-8B4A-11D0-8D11-00A0C91BC942}") = "libsokol", "libsokol\libsokol.vcxproj", "{D484D0FB-CD9A-4FFB-9D33-BC97154A2746}"
EndProject
Project("{8BC9CEB8-8B4A-11D0-8D11-00A0C91BC942}") = "libstb", "libstb\libstb.vcxproj", "{333C8947-3330-4DA3-B219-4307FFD725F4}"
EndProject
Project("{8BC9CEB8-8B4A-11D0-8D11-00A0C91BC942}") = "libxatlas", "libxatlas\libxatlas.vcxproj", "{A2A35BAC-6B00-422D-A93E-29F00507A067}"
EndProject
Project("{8BC9CEB8-8B4A-11D0-8D11-00A0C91BC942}") = "common", "common\common.vcxproj", "{600E8BB6-8DDF-476D-824E-970FDE2FF8B5}"
EndProject
Project("{8BC9CEB8-8B4A-11D0-8D11-00A0C91BC942}") = "Editor", "Editor\Editor.vcxproj", "{9515535B-E9E8-4826-9BD7-FF1149D1B572}"
EndProject
Global
	GlobalSection(SolutionConfigurationPlatforms) = preSolution
		Debug|x64 = Debug|x64
		Debug|x86 = Debug|x86
		Release|x64 = Release|x64
		Release|x86 = Release|x86
	EndGlobalSection
	GlobalSection(ProjectConfigurationPlatforms) = postSolution
		{5DF1A801-60A7-4BEC-B8F8-176B7FC87359}.Debug|x64.ActiveCfg = Debug|x64
		{5DF1A801-60A7-4BEC-B8F8-176B7FC87359}.Debug|x64.Build.0 = Debug|x64
		{5DF1A801-60A7-4BEC-B8F8-176B7FC87359}.Debug|x86.ActiveCfg = Debug|Win32
		{5DF1A801-60A7-4BEC-B8F8-176B7FC87359}.Debug|x86.Build.0 = Debug|Win32
		{5DF1A801-60A7-4BEC-B8F8-176B7FC87359}.Release|x64.ActiveCfg = Release|x64
		{5DF1A801-60A7-4BEC-B8F8-176B7FC87359}.Release|x64.Build.0 = Release|x64
		{5DF1A801-60A7-4BEC-B8F8-176B7FC87359}.Release|x86.ActiveCfg = Release|Win32
		{5DF1A801-60A7-4BEC-B8F8-176B7FC87359}.Release|x86.Build.0 = Release|Win32
		{DE468F72-A574-4BBA-BE6B-9E3E1044D7E7}.Debug|x64.ActiveCfg = Debug|x64
		{DE468F72-A574-4BBA-BE6B-9E3E1044D7E7}.Debug|x64.Build.0 = Debug|x64
		{DE468F72-A574-4BBA-BE6B-9E3E1044D7E7}.Debug|x86.ActiveCfg = Debug|Win32
		{DE468F72-A574-4BBA-BE6B-9E3E1044D7E7}.Debug|x86.Build.0 = Debug|Win32
		{DE468F72-A574-4BBA-BE6B-9E3E1044D7E7}.Release|x64.ActiveCfg = Release|x64
		{DE468F72-A574-4BBA-BE6B-9E3E1044D7E7}.Release|x64.Build.0 = Release|x64
		{DE468F72-A574-4BBA-BE6B-9E3E1044D7E7}.Release|x86.ActiveCfg = Release|Win32
		{DE468F72-A574-4BBA-BE6B-9E3E1044D7E7}.Release|x86.Build.0 = Release|Win32
		{55EA9ECD-584E-4A87-9E59-8440BD5DAC85}.Debug|x64.ActiveCfg = Debug|x64
		{55EA9ECD-584E-4A87-9E59-8440BD5DAC85}.Debug|x64.Build.0 = Debug|x64
		{55EA9ECD-584E-4A87-9E59-8440BD5DAC85}.Debug|x86.ActiveCfg = Debug|Win32
		{55EA9ECD-584E-4A87-9E59-8440BD5DAC85}.Debug|x86.Build.0 = Debug|Win32
		{55EA9ECD-584E-4A87-9E59-8440BD5DAC85}.Release|x64.ActiveCfg = Release|x64
		{55EA9ECD-584E-4A87-9E59-8440BD5DAC85}.Release|x64.Build.0 = Release|x64
		{55EA9ECD-584E-4A87-9E59-8440BD5DAC85}.Release|x86.ActiveCfg = Release|Win32
		{55EA9ECD-584E-4A87-9E59-8440BD5DAC85}.Release|x86.Build.0 = Release|Win32
		{6FDFD402-E4CE-4C93-9DD5-5DDE2E6C91BE}.Debug|x64.ActiveCfg = Debug|x64
		{6FDFD402-E4CE-4C93-9DD5-5DDE2E6C91BE}.Debug|x64.Build.0 = Debug|x64
		{6FDFD402-E4CE-4C93-9DD5-5DDE2E6C91BE}.Debug|x86.ActiveCfg = Debug|Win32
		{6FDFD402-E4CE-4C93-9DD5-5DDE2E6C91BE}.Debug|x86.Build.0 = Debug|Win32
		{6FDFD402-E4CE-4C93-9DD5-5DDE2E6C91BE}.Release|x64.ActiveCfg = Release|x64
		{6FDFD402-E4CE-4C93-9DD5-5DDE2E6C91BE}.Release|x64.Build.0 = Release|x64
		{6FDFD402-E4CE-4C93-9DD5-5DDE2E6C91BE}.Release|x86.ActiveCfg = Release|Win32
		{6FDFD402-E4CE-4C93-9DD5-5DDE2E6C91BE}.Release|x86.Build.0 = Release|Win32
		{212DCEC7-6E08-45F3-AF84-2E4DE5E3613D}.Debug|x64.ActiveCfg = Debug|x64
		{212DCEC7-6E08-45F3-AF84-2E4DE5E3613D}.Debug|x64.Build.0 = Debug|x64
		{212DCEC7-6E08-45F3-AF84-2E4DE5E3613D}.Debug|x86.ActiveCfg = Debug|Win32
		{212DCEC7-6E08-45F3-AF84-2E4DE5E3613D}.Debug|x86.Build.0 = Debug|Win32
		{212DCEC7-6E08-45F3-AF84-2E4DE5E3613D}.Release|x64.ActiveCfg = Release|x64
		{212DCEC7-6E08-45F3-AF84-2E4DE5E3613D}.Release|x64.Build.0 = Release|x64
		{212DCEC7-6E08-45F3-AF84-2E4DE5E3613D}.Release|x86.ActiveCfg = Release|Win32
		{212DCEC7-6E08-45F3-AF84-2E4DE5E3613D}.Release|x86.Build.0 = Release|Win32
		{9710D0E6-CE03-447E-9DB7-00982363C58A}.Debug|x64.ActiveCfg = Debug|x64
		{9710D0E6-CE03-447E-9DB7-00982363C58A}.Debug|x64.Build.0 = Debug|x64
		{9710D0E6-CE03-447E-9DB7-00982363C58A}.Debug|x86.ActiveCfg = Debug|Win32
		{9710D0E6-CE03-447E-9DB7-00982363C58A}.Debug|x86.Build.0 = Debug|Win32
		{9710D0E6-CE03-447E-9DB7-00982363C58A}.Release|x64.ActiveCfg = Release|x64
		{9710D0E6-CE03-447E-9DB7-00982363C58A}.Release|x64.Build.0 = Release|x64
		{9710D0E6-CE03-447E-9DB7-00982363C58A}.Release|x86.ActiveCfg = Release|Win32
		{9710D0E6-CE03-447E-9DB7-00982363C58A}.Release|x86.Build.0 = Release|Win32
		{69E936B6-C380-4A62-AD90-75614F83FE50}.Debug|x64.ActiveCfg = Debug|x64
		{69E936B6-C380-4A62-AD90-75614F83FE50}.Debug|x64.Build.0 = Debug|x64
		{69E936B6-C380-4A62-AD90-75614F83FE50}.Debug|x86.ActiveCfg = Debug|Win32
		{69E936B6-C380-4A62-AD90-75614F83FE50}.Debug|x86.Build.0 = Debug|Win32
		{69E936B6-C380-4A62-AD90-75614F83FE50}.Release|x64.ActiveCfg = Release|x64
		{69E936B6-C380-4A62-AD90-75614F83FE50}.Release|x64.Build.0 = Release|x64
		{69E936B6-C380-4A62-AD90-75614F83FE50}.Release|x86.ActiveCfg = Release|Win32
		{69E936B6-C380-4A62-AD90-75614F83FE50}.Release|x86.Build.0 = Release|Win32
		{DC8B1CA2-34AA-4488-90C5-7EEAE309902E}.Debug|x64.ActiveCfg = Debug|x64
		{DC8B1CA2-34AA-4488-90C5-7EEAE309902E}.Debug|x64.Build.0 = Debug|x64
		{DC8B1CA2-34AA-4488-90C5-7EEAE309902E}.Debug|x86.ActiveCfg = Debug|Win32
		{DC8B1CA2-34AA-4488-90C5-7EEAE309902E}.Debug|x86.Build.0 = Debug|Win32
		{DC8B1CA2-34AA-4488-90C5-7EEAE309902E}.Release|x64.ActiveCfg = Release|x64
		{DC8B1CA2-34AA-4488-90C5-7EEAE309902E}.Release|x64.Build.0 = Release|x64
		{DC8B1CA2-34AA-4488-90C5-7EEAE309902E}.Release|x86.ActiveCfg = Release|Win32
		{DC8B1CA2-34AA-4488-90C5-7EEAE309902E}.Release|x86.Build.0 = Release|Win32
		{0FE8FD28-CB47-42B1-AF51-D8ABA43025EC}.Debug|x64.ActiveCfg = Debug|x64
		{0FE8FD28-CB47-42B1-AF51-D8ABA43025EC}.Debug|x64.Build.0 = Debug|x64
		{0FE8FD28-CB47-42B1-AF51-D8ABA43025EC}.Debug|x86.ActiveCfg = Debug|Win32
		{0FE8FD28-CB47-42B1-AF51-D8ABA43025EC}.Debug|x86.Build.0 = Debug|Win32
		{0FE8FD28-CB47-42B1-AF51-D8ABA43025EC}.Release|x64.ActiveCfg = Release|x64
		{0FE8FD28-CB47-42B1-AF51-D8ABA43025EC}.Release|x64.Build.0 = Release|x64
		{0FE8FD28-CB47-42B1-AF51-D8ABA43025EC}.Release|x86.ActiveCfg = Release|Win32
		{0FE8FD28-CB47-42B1-AF51-D8ABA43025EC}.Release|x86.Build.0 = Release|Win32
		{0C5AE173-5B47-405F-A2D4-5252B0039DFB}.Debug|x64.ActiveCfg = Debug|x64
		{0C5AE173-5B47-405F-A2D4-5252B0039DFB}.Debug|x64.Build.0 = Debug|x64
		{0C5AE173-5B47-405F-A2D4-5252B0039DFB}.Debug|x86.ActiveCfg = Debug|Win32
		{0C5AE173-5B47-405F-A2D4-5252B0039DFB}.Debug|x86.Build.0 = Debug|Win32
		{0C5AE173-5B47-405F-A2D4-5252B0039DFB}.Release|x64.ActiveCfg = Release|x64
		{0C5AE173-5B47-405F-A2D4-5252B0039DFB}.Release|x64.Build.0 = Release|x64
		{0C5AE173-5B47-405F-A2D4-5252B0039DFB}.Release|x86.ActiveCfg = Release|Win32
		{0C5AE173-5B47-405F-A2D4-5252B0039DFB}.Release|x86.Build.0 = Release|Win32
		{87C1B10E-3B61-4D60-9BC6-1145300169EF}.Debug|x64.ActiveCfg = Debug|x64
		{87C1B10E-3B61-4D60-9BC6-1145300169EF}.Debug|x64.Build.0 = Debug|x64
		{87C1B10E-3B61-4D60-9BC6-1145300169EF}.Debug|x86.ActiveCfg = Debug|Win32
		{87C1B10E-3B61-4D60-9BC6-1145300169EF}.Debug|x86.Build.0 = Debug|Win32
		{87C1B10E-3B61-4D60-9BC6-1145300169EF}.Release|x64.ActiveCfg = Release|x64
		{87C1B10E-3B61-4D60-9BC6-1145300169EF}.Release|x64.Build.0 = Release|x64
		{87C1B10E-3B61-4D60-9BC6-1145300169EF}.Release|x86.ActiveCfg = Release|Win32
		{87C1B10E-3B61-4D60-9BC6-1145300169EF}.Release|x86.Build.0 = Release|Win32
		{D484D0FB-CD9A-4FFB-9D33-BC97154A2746}.Debug|x64.ActiveCfg = Debug|x64
		{D484D0FB-CD9A-4FFB-9D33-BC97154A2746}.Debug|x64.Build.0 = Debug|x64
		{D484D0FB-CD9A-4FFB-9D33-BC97154A2746}.Debug|x86.ActiveCfg = Debug|Win32
		{D484D0FB-CD9A-4FFB-9D33-BC97154A2746}.Debug|x86.Build.0 = Debug|Win32
		{D484D0FB-CD9A-4FFB-9D33-BC97154A2746}.Release|x64.ActiveCfg = Release|x64
		{D484D0FB-CD9A-4FFB-9D33-BC97154A2746}.Release|x64.Build.0 = Release|x64
		{D484D0FB-CD9A-4FFB-9D33-BC97154A2746}.Release|x86.ActiveCfg = Release|Win32
		{D484D0FB-CD9A-4FFB-9D33-BC97154A2746}.Release|x86.Build.0 = Release|Win32
		{333C8947-3330-4DA3-B219-4307FFD725F4}.Debug|x64.ActiveCfg = Debug|x64
		{333C8947-3330-4DA3-B219-4307FFD725F4}.Debug|x64.Build.0 = Debug|x64
		{333C8947-3330-4DA3-B219-4307FFD725F4}.Debug|x86.ActiveCfg = Debug|Win32
		{333C8947-3330-4DA3-B219-4307FFD725F4}.Debug|x86.Build.0 = Debug|Win32
		{333C8947-3330-4DA3-B219-4307FFD725F4}.Release|x64.ActiveCfg = Release|x64
		{333C8947-3330-4DA3-B219-4307FFD725F4}.Release|x64.Build.0 = Release|x64
		{333C8947-3330-4DA3-B219-4307FFD725F4}.Release|x86.ActiveCfg = Release|Win32
		{333C8947-3330-4DA3-B219-4307FFD725F4}.Release|x86.Build.0 = Release|Win32
		{A2A35BAC-6B00-422D-A93E-29F00507A067}.Debug|x64.ActiveCfg = Debug|x64
		{A2A35BAC-6B00-422D-A93E-29F00507A067}.Debug|x64.Build.0 = Debug|x64
		{A2A35BAC-6B00-422D-A93E-29F00507A067}.Debug|x86.ActiveCfg = Debug|Win32
		{A2A35BAC-6B00-422D-A93E-29F00507A067}.Debug|x86.Build.0 = Debug|Win32
		{A2A35BAC-6B00-422D-A93E-29F00507A067}.Release|x64.ActiveCfg = Release|x64
		{A2A35BAC-6B00-422D-A93E-29F00507A067}.Release|x64.Build.0 = Release|x64
		{A2A35BAC-6B00-422D-A93E-29F00507A067}.Release|x86.ActiveCfg = Release|Win32
		{A2A35BAC-6B00-422D-A93E-29F00507A067}.Release|x86.Build.0 = Release|Win32
		{600E8BB6-8DDF-476D-824E-970FDE2FF8B5}.Debug|x64.ActiveCfg = Debug|x64
		{600E8BB6-8DDF-476D-824E-970FDE2FF8B5}.Debug|x64.Build.0 = Debug|x64
		{600E8BB6-8DDF-476D-824E-970FDE2FF8B5}.Debug|x86.ActiveCfg = Debug|Win32
		{600E8BB6-8DDF-476D-824E-970FDE2FF8B5}.Debug|x86.Build.0 = Debug|Win32
		{600E8BB6-8DDF-476D-824E-970FDE2FF8B5}.Release|x64.ActiveCfg = Release|x64
		{600E8BB6-8DDF-476D-824E-970FDE2FF8B5}.Release|x64.Build.0 = Release|x64
		{600E8BB6-8DDF-476D-824E-970FDE2FF8B5}.Release|x86.ActiveCfg = Release|Win32
		{600E8BB6-8DDF-476D-824E-970FDE2FF8B5}.Release|x86.Build.0 = Release|Win32
		{9515535B-E9E8-4826-9BD7-FF1149D1B572}.Debug|x64.ActiveCfg = Debug|x64
		{9515535B-E9E8-4826-9BD7-FF1149D1B572}.Debug|x64.Build.0 = Debug|x64
		{9515535B-E9E8-4826-9BD7-FF1149D1B572}.Debug|x86.ActiveCfg = Debug|Win32
		{9515535B-E9E8-4826-9BD7-FF1149D1B572}.Debug|x86.Build.0 = Debug|Win32
		{9515535B-E9E8-4826-9BD7-FF1149D1B572}.Release|x64.ActiveCfg = Release|x64
		{9515535B-E9E8-4826-9BD7-FF1149D1B572}.Release|x64.Build.0 = Release|x64
		{9515535B-E9E8-4826-9BD7-FF1149D1B572}.Release|x86.ActiveCfg = Release|Win32
		{9515535B-E9E8-4826-9BD7-FF1149D1B572}.Release|x86.Build.0 = Release|Win32
	EndGlobalSection
	GlobalSection(SolutionProperties) = preSolution
		HideSolutionNode = FALSE
	EndGlobalSection
EndGlobal
